// !$*UTF8*$!
{
	archiveVersion = 1;
	classes = {
	};
	objectVersion = 56;
	objects = {

/* Begin PBXBuildFile section */
		CF00446F290622AB00BAD156 /* RxCocoa in Frameworks */ = {isa = PBXBuildFile; productRef = CF00446E290622AB00BAD156 /* RxCocoa */; };
		CF004471290622AB00BAD156 /* RxSwift in Frameworks */ = {isa = PBXBuildFile; productRef = CF004470290622AB00BAD156 /* RxSwift */; };
		CF004475290625B000BAD156 /* RxCocoaExampleViewController.swift in Sources */ = {isa = PBXBuildFile; fileRef = CF004474290625B000BAD156 /* RxCocoaExampleViewController.swift */; };
		CF49BE7F2908CBAC00FFF322 /* SubScribeViewController.swift in Sources */ = {isa = PBXBuildFile; fileRef = CF49BE7E2908CBAC00FFF322 /* SubScribeViewController.swift */; };
		CF5429A52900CF83000A93DE /* CObservable.swift in Sources */ = {isa = PBXBuildFile; fileRef = CF5429A42900CF83000A93DE /* CObservable.swift */; };
		CF5429A72900D13D000A93DE /* NewsViewController.swift in Sources */ = {isa = PBXBuildFile; fileRef = CF5429A62900D13D000A93DE /* NewsViewController.swift */; };
		CF5429A92900D246000A93DE /* NewsViewModel.swift in Sources */ = {isa = PBXBuildFile; fileRef = CF5429A82900D246000A93DE /* NewsViewModel.swift */; };
		CF5429AB2900D780000A93DE /* News.swift in Sources */ = {isa = PBXBuildFile; fileRef = CF5429AA2900D780000A93DE /* News.swift */; };
		CF59BFFA2900EE0000A9D559 /* APIService.swift in Sources */ = {isa = PBXBuildFile; fileRef = CF59BFF92900EE0000A9D559 /* APIService.swift */; };
		CF59BFFD2900EE4500A9D559 /* APIKey.swift in Sources */ = {isa = PBXBuildFile; fileRef = CF59BFFC2900EE4500A9D559 /* APIKey.swift */; };
		CF59BFFF2900EF8400A9D559 /* SearchPhoto.swift in Sources */ = {isa = PBXBuildFile; fileRef = CF59BFFE2900EF8400A9D559 /* SearchPhoto.swift */; };
		CF59C0022900F10400A9D559 /* Alamofire in Frameworks */ = {isa = PBXBuildFile; productRef = CF59C0012900F10400A9D559 /* Alamofire */; };
		CF59C0052900F11700A9D559 /* Kingfisher in Frameworks */ = {isa = PBXBuildFile; productRef = CF59C0042900F11700A9D559 /* Kingfisher */; };
		CF59C0072900F47D00A9D559 /* DiffableViewModel.swift in Sources */ = {isa = PBXBuildFile; fileRef = CF59C0062900F47D00A9D559 /* DiffableViewModel.swift */; };
		CF806EF129077A4B009D93D0 /* SubjectViewController.swift in Sources */ = {isa = PBXBuildFile; fileRef = CF806EF029077A4B009D93D0 /* SubjectViewController.swift */; };
		CF806EF3290788AA009D93D0 /* SubjectViewModel.swift in Sources */ = {isa = PBXBuildFile; fileRef = CF806EF2290788AA009D93D0 /* SubjectViewModel.swift */; };
		CFD2ADE3290A07A7005B4F59 /* ValidationViewController.swift in Sources */ = {isa = PBXBuildFile; fileRef = CFD2ADE2290A07A7005B4F59 /* ValidationViewController.swift */; };
		CFD2ADE6290A22C9005B4F59 /* ValidationViewModel.swift in Sources */ = {isa = PBXBuildFile; fileRef = CFD2ADE5290A22C9005B4F59 /* ValidationViewModel.swift */; };
		CFD53FBC28FE2D84008A7DBC /* AppDelegate.swift in Sources */ = {isa = PBXBuildFile; fileRef = CFD53FBB28FE2D84008A7DBC /* AppDelegate.swift */; };
		CFD53FBE28FE2D84008A7DBC /* SceneDelegate.swift in Sources */ = {isa = PBXBuildFile; fileRef = CFD53FBD28FE2D84008A7DBC /* SceneDelegate.swift */; };
		CFD53FC028FE2D84008A7DBC /* SimpleTableViewController.swift in Sources */ = {isa = PBXBuildFile; fileRef = CFD53FBF28FE2D84008A7DBC /* SimpleTableViewController.swift */; };
		CFD53FC328FE2D84008A7DBC /* Main.storyboard in Resources */ = {isa = PBXBuildFile; fileRef = CFD53FC128FE2D84008A7DBC /* Main.storyboard */; };
		CFD53FC528FE2D85008A7DBC /* Assets.xcassets in Resources */ = {isa = PBXBuildFile; fileRef = CFD53FC428FE2D85008A7DBC /* Assets.xcassets */; };
		CFD53FC828FE2D85008A7DBC /* LaunchScreen.storyboard in Resources */ = {isa = PBXBuildFile; fileRef = CFD53FC628FE2D85008A7DBC /* LaunchScreen.storyboard */; };
		CFD53FD028FE38E7008A7DBC /* SimpleCollectionViewController.swift in Sources */ = {isa = PBXBuildFile; fileRef = CFD53FCF28FE38E7008A7DBC /* SimpleCollectionViewController.swift */; };
		CFD53FD428FF8FB2008A7DBC /* DiffableViewController.swift in Sources */ = {isa = PBXBuildFile; fileRef = CFD53FD328FF8FB2008A7DBC /* DiffableViewController.swift */; };
/* End PBXBuildFile section */

/* Begin PBXFileReference section */
		CF004474290625B000BAD156 /* RxCocoaExampleViewController.swift */ = {isa = PBXFileReference; lastKnownFileType = sourcecode.swift; path = RxCocoaExampleViewController.swift; sourceTree = "<group>"; };
		CF49BE7E2908CBAC00FFF322 /* SubScribeViewController.swift */ = {isa = PBXFileReference; lastKnownFileType = sourcecode.swift; path = SubScribeViewController.swift; sourceTree = "<group>"; };
		CF5429A42900CF83000A93DE /* CObservable.swift */ = {isa = PBXFileReference; lastKnownFileType = sourcecode.swift; path = CObservable.swift; sourceTree = "<group>"; };
		CF5429A62900D13D000A93DE /* NewsViewController.swift */ = {isa = PBXFileReference; lastKnownFileType = sourcecode.swift; path = NewsViewController.swift; sourceTree = "<group>"; };
		CF5429A82900D246000A93DE /* NewsViewModel.swift */ = {isa = PBXFileReference; lastKnownFileType = sourcecode.swift; path = NewsViewModel.swift; sourceTree = "<group>"; };
		CF5429AA2900D780000A93DE /* News.swift */ = {isa = PBXFileReference; lastKnownFileType = sourcecode.swift; path = News.swift; sourceTree = "<group>"; };
		CF59BFF92900EE0000A9D559 /* APIService.swift */ = {isa = PBXFileReference; lastKnownFileType = sourcecode.swift; path = APIService.swift; sourceTree = "<group>"; };
		CF59BFFC2900EE4500A9D559 /* APIKey.swift */ = {isa = PBXFileReference; lastKnownFileType = sourcecode.swift; path = APIKey.swift; sourceTree = "<group>"; };
		CF59BFFE2900EF8400A9D559 /* SearchPhoto.swift */ = {isa = PBXFileReference; lastKnownFileType = sourcecode.swift; path = SearchPhoto.swift; sourceTree = "<group>"; };
		CF59C0062900F47D00A9D559 /* DiffableViewModel.swift */ = {isa = PBXFileReference; lastKnownFileType = sourcecode.swift; path = DiffableViewModel.swift; sourceTree = "<group>"; };
		CF806EF029077A4B009D93D0 /* SubjectViewController.swift */ = {isa = PBXFileReference; lastKnownFileType = sourcecode.swift; path = SubjectViewController.swift; sourceTree = "<group>"; };
		CF806EF2290788AA009D93D0 /* SubjectViewModel.swift */ = {isa = PBXFileReference; lastKnownFileType = sourcecode.swift; path = SubjectViewModel.swift; sourceTree = "<group>"; };
		CFD2ADE2290A07A7005B4F59 /* ValidationViewController.swift */ = {isa = PBXFileReference; lastKnownFileType = sourcecode.swift; path = ValidationViewController.swift; sourceTree = "<group>"; };
		CFD2ADE5290A22C9005B4F59 /* ValidationViewModel.swift */ = {isa = PBXFileReference; lastKnownFileType = sourcecode.swift; path = ValidationViewModel.swift; sourceTree = "<group>"; };
		CFD53FB828FE2D84008A7DBC /* SeSACWeek1617.app */ = {isa = PBXFileReference; explicitFileType = wrapper.application; includeInIndex = 0; path = SeSACWeek1617.app; sourceTree = BUILT_PRODUCTS_DIR; };
		CFD53FBB28FE2D84008A7DBC /* AppDelegate.swift */ = {isa = PBXFileReference; lastKnownFileType = sourcecode.swift; path = AppDelegate.swift; sourceTree = "<group>"; };
		CFD53FBD28FE2D84008A7DBC /* SceneDelegate.swift */ = {isa = PBXFileReference; lastKnownFileType = sourcecode.swift; path = SceneDelegate.swift; sourceTree = "<group>"; };
		CFD53FBF28FE2D84008A7DBC /* SimpleTableViewController.swift */ = {isa = PBXFileReference; lastKnownFileType = sourcecode.swift; path = SimpleTableViewController.swift; sourceTree = "<group>"; };
		CFD53FC228FE2D84008A7DBC /* Base */ = {isa = PBXFileReference; lastKnownFileType = file.storyboard; name = Base; path = Base.lproj/Main.storyboard; sourceTree = "<group>"; };
		CFD53FC428FE2D85008A7DBC /* Assets.xcassets */ = {isa = PBXFileReference; lastKnownFileType = folder.assetcatalog; path = Assets.xcassets; sourceTree = "<group>"; };
		CFD53FC728FE2D85008A7DBC /* Base */ = {isa = PBXFileReference; lastKnownFileType = file.storyboard; name = Base; path = Base.lproj/LaunchScreen.storyboard; sourceTree = "<group>"; };
		CFD53FC928FE2D85008A7DBC /* Info.plist */ = {isa = PBXFileReference; lastKnownFileType = text.plist.xml; path = Info.plist; sourceTree = "<group>"; };
		CFD53FCF28FE38E7008A7DBC /* SimpleCollectionViewController.swift */ = {isa = PBXFileReference; lastKnownFileType = sourcecode.swift; path = SimpleCollectionViewController.swift; sourceTree = "<group>"; };
		CFD53FD328FF8FB2008A7DBC /* DiffableViewController.swift */ = {isa = PBXFileReference; lastKnownFileType = sourcecode.swift; path = DiffableViewController.swift; sourceTree = "<group>"; };
/* End PBXFileReference section */

/* Begin PBXFrameworksBuildPhase section */
		CFD53FB528FE2D84008A7DBC /* Frameworks */ = {
			isa = PBXFrameworksBuildPhase;
			buildActionMask = 2147483647;
			files = (
				CF00446F290622AB00BAD156 /* RxCocoa in Frameworks */,
				CF59C0052900F11700A9D559 /* Kingfisher in Frameworks */,
				CF004471290622AB00BAD156 /* RxSwift in Frameworks */,
				CF59C0022900F10400A9D559 /* Alamofire in Frameworks */,
			);
			runOnlyForDeploymentPostprocessing = 0;
		};
/* End PBXFrameworksBuildPhase section */

/* Begin PBXGroup section */
		CF0044722906242600BAD156 /* DiffableScene */ = {
			isa = PBXGroup;
			children = (
				CF59C0062900F47D00A9D559 /* DiffableViewModel.swift */,
				CFD53FD328FF8FB2008A7DBC /* DiffableViewController.swift */,
			);
			path = DiffableScene;
			sourceTree = "<group>";
		};
		CF0044732906259900BAD156 /* RxSample */ = {
			isa = PBXGroup;
			children = (
				CFD2ADE4290A22BB005B4F59 /* New Group */,
				CF004474290625B000BAD156 /* RxCocoaExampleViewController.swift */,
				CF806EF029077A4B009D93D0 /* SubjectViewController.swift */,
				CF806EF2290788AA009D93D0 /* SubjectViewModel.swift */,
				CF49BE7E2908CBAC00FFF322 /* SubScribeViewController.swift */,
				CFD2ADE2290A07A7005B4F59 /* ValidationViewController.swift */,
				CFD2ADE5290A22C9005B4F59 /* ValidationViewModel.swift */,
			);
			path = RxSample;
			sourceTree = "<group>";
		};
		CF5429A32900CD76000A93DE /* MVVMSample */ = {
			isa = PBXGroup;
			children = (
				CF5429A42900CF83000A93DE /* CObservable.swift */,
				CF5429A62900D13D000A93DE /* NewsViewController.swift */,
				CF5429A82900D246000A93DE /* NewsViewModel.swift */,
				CF5429AA2900D780000A93DE /* News.swift */,
			);
			path = MVVMSample;
			sourceTree = "<group>";
		};
		CF59BFFB2900EE3700A9D559 /* APIKey */ = {
			isa = PBXGroup;
			children = (
				CF59BFFC2900EE4500A9D559 /* APIKey.swift */,
			);
			path = APIKey;
			sourceTree = "<group>";
		};
		CFD2ADE4290A22BB005B4F59 /* New Group */ = {
			isa = PBXGroup;
			children = (
			);
			path = "New Group";
			sourceTree = "<group>";
		};
		CFD53FAF28FE2D84008A7DBC = {
			isa = PBXGroup;
			children = (
				CFD53FBA28FE2D84008A7DBC /* SeSACWeek1617 */,
				CFD53FB928FE2D84008A7DBC /* Products */,
			);
			sourceTree = "<group>";
		};
		CFD53FB928FE2D84008A7DBC /* Products */ = {
			isa = PBXGroup;
			children = (
				CFD53FB828FE2D84008A7DBC /* SeSACWeek1617.app */,
			);
			name = Products;
			sourceTree = "<group>";
		};
		CFD53FBA28FE2D84008A7DBC /* SeSACWeek1617 */ = {
			isa = PBXGroup;
			children = (
				CF0044732906259900BAD156 /* RxSample */,
				CF0044722906242600BAD156 /* DiffableScene */,
				CF59BFFB2900EE3700A9D559 /* APIKey */,
				CF5429A32900CD76000A93DE /* MVVMSample */,
				CFD53FCF28FE38E7008A7DBC /* SimpleCollectionViewController.swift */,
				CFD53FBB28FE2D84008A7DBC /* AppDelegate.swift */,
				CFD53FBD28FE2D84008A7DBC /* SceneDelegate.swift */,
				CFD53FBF28FE2D84008A7DBC /* SimpleTableViewController.swift */,
				CFD53FC128FE2D84008A7DBC /* Main.storyboard */,
				CF59BFF92900EE0000A9D559 /* APIService.swift */,
				CFD53FC428FE2D85008A7DBC /* Assets.xcassets */,
				CFD53FC628FE2D85008A7DBC /* LaunchScreen.storyboard */,
				CFD53FC928FE2D85008A7DBC /* Info.plist */,
				CF59BFFE2900EF8400A9D559 /* SearchPhoto.swift */,
			);
			path = SeSACWeek1617;
			sourceTree = "<group>";
		};
/* End PBXGroup section */

/* Begin PBXNativeTarget section */
		CFD53FB728FE2D84008A7DBC /* SeSACWeek1617 */ = {
			isa = PBXNativeTarget;
			buildConfigurationList = CFD53FCC28FE2D85008A7DBC /* Build configuration list for PBXNativeTarget "SeSACWeek1617" */;
			buildPhases = (
				CFD53FB428FE2D84008A7DBC /* Sources */,
				CFD53FB528FE2D84008A7DBC /* Frameworks */,
				CFD53FB628FE2D84008A7DBC /* Resources */,
			);
			buildRules = (
			);
			dependencies = (
			);
			name = SeSACWeek1617;
			packageProductDependencies = (
				CF59C0012900F10400A9D559 /* Alamofire */,
				CF59C0042900F11700A9D559 /* Kingfisher */,
				CF00446E290622AB00BAD156 /* RxCocoa */,
				CF004470290622AB00BAD156 /* RxSwift */,
			);
			productName = SeSACWeek1617;
			productReference = CFD53FB828FE2D84008A7DBC /* SeSACWeek1617.app */;
			productType = "com.apple.product-type.application";
		};
/* End PBXNativeTarget section */

/* Begin PBXProject section */
		CFD53FB028FE2D84008A7DBC /* Project object */ = {
			isa = PBXProject;
			attributes = {
				BuildIndependentTargetsInParallel = 1;
				LastSwiftUpdateCheck = 1400;
				LastUpgradeCheck = 1400;
				TargetAttributes = {
					CFD53FB728FE2D84008A7DBC = {
						CreatedOnToolsVersion = 14.0.1;
					};
				};
			};
			buildConfigurationList = CFD53FB328FE2D84008A7DBC /* Build configuration list for PBXProject "SeSACWeek1617" */;
			compatibilityVersion = "Xcode 14.0";
			developmentRegion = en;
			hasScannedForEncodings = 0;
			knownRegions = (
				en,
				Base,
			);
			mainGroup = CFD53FAF28FE2D84008A7DBC;
			packageReferences = (
				CF59C0002900F10400A9D559 /* XCRemoteSwiftPackageReference "Alamofire" */,
				CF59C0032900F11600A9D559 /* XCRemoteSwiftPackageReference "Kingfisher" */,
				CF00446D290622AB00BAD156 /* XCRemoteSwiftPackageReference "RxSwift" */,
			);
			productRefGroup = CFD53FB928FE2D84008A7DBC /* Products */;
			projectDirPath = "";
			projectRoot = "";
			targets = (
				CFD53FB728FE2D84008A7DBC /* SeSACWeek1617 */,
			);
		};
/* End PBXProject section */

/* Begin PBXResourcesBuildPhase section */
		CFD53FB628FE2D84008A7DBC /* Resources */ = {
			isa = PBXResourcesBuildPhase;
			buildActionMask = 2147483647;
			files = (
				CFD53FC828FE2D85008A7DBC /* LaunchScreen.storyboard in Resources */,
				CFD53FC528FE2D85008A7DBC /* Assets.xcassets in Resources */,
				CFD53FC328FE2D84008A7DBC /* Main.storyboard in Resources */,
			);
			runOnlyForDeploymentPostprocessing = 0;
		};
/* End PBXResourcesBuildPhase section */

/* Begin PBXSourcesBuildPhase section */
		CFD53FB428FE2D84008A7DBC /* Sources */ = {
			isa = PBXSourcesBuildPhase;
			buildActionMask = 2147483647;
			files = (
				CF5429A52900CF83000A93DE /* CObservable.swift in Sources */,
				CFD2ADE3290A07A7005B4F59 /* ValidationViewController.swift in Sources */,
				CFD53FC028FE2D84008A7DBC /* SimpleTableViewController.swift in Sources */,
				CFD2ADE6290A22C9005B4F59 /* ValidationViewModel.swift in Sources */,
				CFD53FBC28FE2D84008A7DBC /* AppDelegate.swift in Sources */,
				CF5429AB2900D780000A93DE /* News.swift in Sources */,
				CF59BFFF2900EF8400A9D559 /* SearchPhoto.swift in Sources */,
				CFD53FD028FE38E7008A7DBC /* SimpleCollectionViewController.swift in Sources */,
				CF5429A72900D13D000A93DE /* NewsViewController.swift in Sources */,
				CF806EF129077A4B009D93D0 /* SubjectViewController.swift in Sources */,
				CF59BFFD2900EE4500A9D559 /* APIKey.swift in Sources */,
				CF59BFFA2900EE0000A9D559 /* APIService.swift in Sources */,
				CF49BE7F2908CBAC00FFF322 /* SubScribeViewController.swift in Sources */,
				CFD53FD428FF8FB2008A7DBC /* DiffableViewController.swift in Sources */,
				CFD53FBE28FE2D84008A7DBC /* SceneDelegate.swift in Sources */,
				CF5429A92900D246000A93DE /* NewsViewModel.swift in Sources */,
				CF806EF3290788AA009D93D0 /* SubjectViewModel.swift in Sources */,
				CF59C0072900F47D00A9D559 /* DiffableViewModel.swift in Sources */,
				CF004475290625B000BAD156 /* RxCocoaExampleViewController.swift in Sources */,
			);
			runOnlyForDeploymentPostprocessing = 0;
		};
/* End PBXSourcesBuildPhase section */

/* Begin PBXVariantGroup section */
		CFD53FC128FE2D84008A7DBC /* Main.storyboard */ = {
			isa = PBXVariantGroup;
			children = (
				CFD53FC228FE2D84008A7DBC /* Base */,
			);
			name = Main.storyboard;
			sourceTree = "<group>";
		};
		CFD53FC628FE2D85008A7DBC /* LaunchScreen.storyboard */ = {
			isa = PBXVariantGroup;
			children = (
				CFD53FC728FE2D85008A7DBC /* Base */,
			);
			name = LaunchScreen.storyboard;
			sourceTree = "<group>";
		};
/* End PBXVariantGroup section */

/* Begin XCBuildConfiguration section */
		CFD53FCA28FE2D85008A7DBC /* Debug */ = {
			isa = XCBuildConfiguration;
			buildSettings = {
				ALWAYS_SEARCH_USER_PATHS = NO;
				CLANG_ANALYZER_NONNULL = YES;
				CLANG_ANALYZER_NUMBER_OBJECT_CONVERSION = YES_AGGRESSIVE;
				CLANG_CXX_LANGUAGE_STANDARD = "gnu++20";
				CLANG_ENABLE_MODULES = YES;
				CLANG_ENABLE_OBJC_ARC = YES;
				CLANG_ENABLE_OBJC_WEAK = YES;
				CLANG_WARN_BLOCK_CAPTURE_AUTORELEASING = YES;
				CLANG_WARN_BOOL_CONVERSION = YES;
				CLANG_WARN_COMMA = YES;
				CLANG_WARN_CONSTANT_CONVERSION = YES;
				CLANG_WARN_DEPRECATED_OBJC_IMPLEMENTATIONS = YES;
				CLANG_WARN_DIRECT_OBJC_ISA_USAGE = YES_ERROR;
				CLANG_WARN_DOCUMENTATION_COMMENTS = YES;
				CLANG_WARN_EMPTY_BODY = YES;
				CLANG_WARN_ENUM_CONVERSION = YES;
				CLANG_WARN_INFINITE_RECURSION = YES;
				CLANG_WARN_INT_CONVERSION = YES;
				CLANG_WARN_NON_LITERAL_NULL_CONVERSION = YES;
				CLANG_WARN_OBJC_IMPLICIT_RETAIN_SELF = YES;
				CLANG_WARN_OBJC_LITERAL_CONVERSION = YES;
				CLANG_WARN_OBJC_ROOT_CLASS = YES_ERROR;
				CLANG_WARN_QUOTED_INCLUDE_IN_FRAMEWORK_HEADER = YES;
				CLANG_WARN_RANGE_LOOP_ANALYSIS = YES;
				CLANG_WARN_STRICT_PROTOTYPES = YES;
				CLANG_WARN_SUSPICIOUS_MOVE = YES;
				CLANG_WARN_UNGUARDED_AVAILABILITY = YES_AGGRESSIVE;
				CLANG_WARN_UNREACHABLE_CODE = YES;
				CLANG_WARN__DUPLICATE_METHOD_MATCH = YES;
				COPY_PHASE_STRIP = NO;
				DEBUG_INFORMATION_FORMAT = dwarf;
				ENABLE_STRICT_OBJC_MSGSEND = YES;
				ENABLE_TESTABILITY = YES;
				GCC_C_LANGUAGE_STANDARD = gnu11;
				GCC_DYNAMIC_NO_PIC = NO;
				GCC_NO_COMMON_BLOCKS = YES;
				GCC_OPTIMIZATION_LEVEL = 0;
				GCC_PREPROCESSOR_DEFINITIONS = (
					"DEBUG=1",
					"$(inherited)",
				);
				GCC_WARN_64_TO_32_BIT_CONVERSION = YES;
				GCC_WARN_ABOUT_RETURN_TYPE = YES_ERROR;
				GCC_WARN_UNDECLARED_SELECTOR = YES;
				GCC_WARN_UNINITIALIZED_AUTOS = YES_AGGRESSIVE;
				GCC_WARN_UNUSED_FUNCTION = YES;
				GCC_WARN_UNUSED_VARIABLE = YES;
				IPHONEOS_DEPLOYMENT_TARGET = 16.0;
				MTL_ENABLE_DEBUG_INFO = INCLUDE_SOURCE;
				MTL_FAST_MATH = YES;
				ONLY_ACTIVE_ARCH = YES;
				SDKROOT = iphoneos;
				SWIFT_ACTIVE_COMPILATION_CONDITIONS = DEBUG;
				SWIFT_OPTIMIZATION_LEVEL = "-Onone";
			};
			name = Debug;
		};
		CFD53FCB28FE2D85008A7DBC /* Release */ = {
			isa = XCBuildConfiguration;
			buildSettings = {
				ALWAYS_SEARCH_USER_PATHS = NO;
				CLANG_ANALYZER_NONNULL = YES;
				CLANG_ANALYZER_NUMBER_OBJECT_CONVERSION = YES_AGGRESSIVE;
				CLANG_CXX_LANGUAGE_STANDARD = "gnu++20";
				CLANG_ENABLE_MODULES = YES;
				CLANG_ENABLE_OBJC_ARC = YES;
				CLANG_ENABLE_OBJC_WEAK = YES;
				CLANG_WARN_BLOCK_CAPTURE_AUTORELEASING = YES;
				CLANG_WARN_BOOL_CONVERSION = YES;
				CLANG_WARN_COMMA = YES;
				CLANG_WARN_CONSTANT_CONVERSION = YES;
				CLANG_WARN_DEPRECATED_OBJC_IMPLEMENTATIONS = YES;
				CLANG_WARN_DIRECT_OBJC_ISA_USAGE = YES_ERROR;
				CLANG_WARN_DOCUMENTATION_COMMENTS = YES;
				CLANG_WARN_EMPTY_BODY = YES;
				CLANG_WARN_ENUM_CONVERSION = YES;
				CLANG_WARN_INFINITE_RECURSION = YES;
				CLANG_WARN_INT_CONVERSION = YES;
				CLANG_WARN_NON_LITERAL_NULL_CONVERSION = YES;
				CLANG_WARN_OBJC_IMPLICIT_RETAIN_SELF = YES;
				CLANG_WARN_OBJC_LITERAL_CONVERSION = YES;
				CLANG_WARN_OBJC_ROOT_CLASS = YES_ERROR;
				CLANG_WARN_QUOTED_INCLUDE_IN_FRAMEWORK_HEADER = YES;
				CLANG_WARN_RANGE_LOOP_ANALYSIS = YES;
				CLANG_WARN_STRICT_PROTOTYPES = YES;
				CLANG_WARN_SUSPICIOUS_MOVE = YES;
				CLANG_WARN_UNGUARDED_AVAILABILITY = YES_AGGRESSIVE;
				CLANG_WARN_UNREACHABLE_CODE = YES;
				CLANG_WARN__DUPLICATE_METHOD_MATCH = YES;
				COPY_PHASE_STRIP = NO;
				DEBUG_INFORMATION_FORMAT = "dwarf-with-dsym";
				ENABLE_NS_ASSERTIONS = NO;
				ENABLE_STRICT_OBJC_MSGSEND = YES;
				GCC_C_LANGUAGE_STANDARD = gnu11;
				GCC_NO_COMMON_BLOCKS = YES;
				GCC_WARN_64_TO_32_BIT_CONVERSION = YES;
				GCC_WARN_ABOUT_RETURN_TYPE = YES_ERROR;
				GCC_WARN_UNDECLARED_SELECTOR = YES;
				GCC_WARN_UNINITIALIZED_AUTOS = YES_AGGRESSIVE;
				GCC_WARN_UNUSED_FUNCTION = YES;
				GCC_WARN_UNUSED_VARIABLE = YES;
				IPHONEOS_DEPLOYMENT_TARGET = 16.0;
				MTL_ENABLE_DEBUG_INFO = NO;
				MTL_FAST_MATH = YES;
				SDKROOT = iphoneos;
				SWIFT_COMPILATION_MODE = wholemodule;
				SWIFT_OPTIMIZATION_LEVEL = "-O";
				VALIDATE_PRODUCT = YES;
			};
			name = Release;
		};
		CFD53FCD28FE2D85008A7DBC /* Debug */ = {
			isa = XCBuildConfiguration;
			buildSettings = {
				ASSETCATALOG_COMPILER_APPICON_NAME = AppIcon;
				ASSETCATALOG_COMPILER_GLOBAL_ACCENT_COLOR_NAME = AccentColor;
				CODE_SIGN_STYLE = Automatic;
				CURRENT_PROJECT_VERSION = 1;
				DEVELOPMENT_TEAM = V39QSCSL6T;
				GENERATE_INFOPLIST_FILE = YES;
				INFOPLIST_FILE = SeSACWeek1617/Info.plist;
				INFOPLIST_KEY_UIApplicationSupportsIndirectInputEvents = YES;
				INFOPLIST_KEY_UILaunchStoryboardName = LaunchScreen;
				INFOPLIST_KEY_UIMainStoryboardFile = Main;
				INFOPLIST_KEY_UISupportedInterfaceOrientations = UIInterfaceOrientationPortrait;
				INFOPLIST_KEY_UISupportedInterfaceOrientations_iPad = "UIInterfaceOrientationLandscapeLeft UIInterfaceOrientationLandscapeRight UIInterfaceOrientationPortrait UIInterfaceOrientationPortraitUpsideDown";
				IPHONEOS_DEPLOYMENT_TARGET = 15.0;
				LD_RUNPATH_SEARCH_PATHS = (
					"$(inherited)",
					"@executable_path/Frameworks",
				);
				MARKETING_VERSION = 1.0;
				PRODUCT_BUNDLE_IDENTIFIER = com.lec.sesac.SeSACWeek1617;
				PRODUCT_NAME = "$(TARGET_NAME)";
				SUPPORTED_PLATFORMS = "iphoneos iphonesimulator";
				SUPPORTS_MACCATALYST = NO;
				SUPPORTS_MAC_DESIGNED_FOR_IPHONE_IPAD = NO;
				SWIFT_EMIT_LOC_STRINGS = YES;
				SWIFT_VERSION = 5.0;
				TARGETED_DEVICE_FAMILY = 1;
			};
			name = Debug;
		};
		CFD53FCE28FE2D85008A7DBC /* Release */ = {
			isa = XCBuildConfiguration;
			buildSettings = {
				ASSETCATALOG_COMPILER_APPICON_NAME = AppIcon;
				ASSETCATALOG_COMPILER_GLOBAL_ACCENT_COLOR_NAME = AccentColor;
				CODE_SIGN_STYLE = Automatic;
				CURRENT_PROJECT_VERSION = 1;
				DEVELOPMENT_TEAM = V39QSCSL6T;
				GENERATE_INFOPLIST_FILE = YES;
				INFOPLIST_FILE = SeSACWeek1617/Info.plist;
				INFOPLIST_KEY_UIApplicationSupportsIndirectInputEvents = YES;
				INFOPLIST_KEY_UILaunchStoryboardName = LaunchScreen;
				INFOPLIST_KEY_UIMainStoryboardFile = Main;
				INFOPLIST_KEY_UISupportedInterfaceOrientations = UIInterfaceOrientationPortrait;
				INFOPLIST_KEY_UISupportedInterfaceOrientations_iPad = "UIInterfaceOrientationLandscapeLeft UIInterfaceOrientationLandscapeRight UIInterfaceOrientationPortrait UIInterfaceOrientationPortraitUpsideDown";
				IPHONEOS_DEPLOYMENT_TARGET = 15.0;
				LD_RUNPATH_SEARCH_PATHS = (
					"$(inherited)",
					"@executable_path/Frameworks",
				);
				MARKETING_VERSION = 1.0;
				PRODUCT_BUNDLE_IDENTIFIER = com.lec.sesac.SeSACWeek1617;
				PRODUCT_NAME = "$(TARGET_NAME)";
				SUPPORTED_PLATFORMS = "iphoneos iphonesimulator";
				SUPPORTS_MACCATALYST = NO;
				SUPPORTS_MAC_DESIGNED_FOR_IPHONE_IPAD = NO;
				SWIFT_EMIT_LOC_STRINGS = YES;
				SWIFT_VERSION = 5.0;
				TARGETED_DEVICE_FAMILY = 1;
			};
			name = Release;
		};
/* End XCBuildConfiguration section */

/* Begin XCConfigurationList section */
		CFD53FB328FE2D84008A7DBC /* Build configuration list for PBXProject "SeSACWeek1617" */ = {
			isa = XCConfigurationList;
			buildConfigurations = (
				CFD53FCA28FE2D85008A7DBC /* Debug */,
				CFD53FCB28FE2D85008A7DBC /* Release */,
			);
			defaultConfigurationIsVisible = 0;
			defaultConfigurationName = Release;
		};
		CFD53FCC28FE2D85008A7DBC /* Build configuration list for PBXNativeTarget "SeSACWeek1617" */ = {
			isa = XCConfigurationList;
			buildConfigurations = (
				CFD53FCD28FE2D85008A7DBC /* Debug */,
				CFD53FCE28FE2D85008A7DBC /* Release */,
			);
			defaultConfigurationIsVisible = 0;
			defaultConfigurationName = Release;
		};
/* End XCConfigurationList section */

/* Begin XCRemoteSwiftPackageReference section */
		CF00446D290622AB00BAD156 /* XCRemoteSwiftPackageReference "RxSwift" */ = {
			isa = XCRemoteSwiftPackageReference;
			repositoryURL = "https://github.com/ReactiveX/RxSwift.git";
			requirement = {
				kind = upToNextMajorVersion;
				minimumVersion = 6.0.0;
			};
		};
		CF59C0002900F10400A9D559 /* XCRemoteSwiftPackageReference "Alamofire" */ = {
			isa = XCRemoteSwiftPackageReference;
			repositoryURL = "https://github.com/Alamofire/Alamofire.git";
			requirement = {
				kind = upToNextMajorVersion;
				minimumVersion = 5.0.0;
			};
		};
		CF59C0032900F11600A9D559 /* XCRemoteSwiftPackageReference "Kingfisher" */ = {
			isa = XCRemoteSwiftPackageReference;
			repositoryURL = "https://github.com/onevcat/Kingfisher.git";
			requirement = {
				kind = upToNextMajorVersion;
				minimumVersion = 7.0.0;
			};
		};
/* End XCRemoteSwiftPackageReference section */

/* Begin XCSwiftPackageProductDependency section */
		CF00446E290622AB00BAD156 /* RxCocoa */ = {
			isa = XCSwiftPackageProductDependency;
			package = CF00446D290622AB00BAD156 /* XCRemoteSwiftPackageReference "RxSwift" */;
			productName = RxCocoa;
		};
		CF004470290622AB00BAD156 /* RxSwift */ = {
			isa = XCSwiftPackageProductDependency;
			package = CF00446D290622AB00BAD156 /* XCRemoteSwiftPackageReference "RxSwift" */;
			productName = RxSwift;
		};
		CF59C0012900F10400A9D559 /* Alamofire */ = {
			isa = XCSwiftPackageProductDependency;
			package = CF59C0002900F10400A9D559 /* XCRemoteSwiftPackageReference "Alamofire" */;
			productName = Alamofire;
		};
		CF59C0042900F11700A9D559 /* Kingfisher */ = {
			isa = XCSwiftPackageProductDependency;
			package = CF59C0032900F11600A9D559 /* XCRemoteSwiftPackageReference "Kingfisher" */;
			productName = Kingfisher;
		};
/* End XCSwiftPackageProductDependency section */
	};
	rootObject = CFD53FB028FE2D84008A7DBC /* Project object */;
}
